
Microsoft Visual Studio Solution File, Format Version 12.00
# Visual Studio Version 17
VisualStudioVersion = 17.0.31903.59
MinimumVisualStudioVersion = 10.0.40219.1
Project("{2150E333-8FDC-42A3-9474-1A3956D46DE8}") = "src", "src", "{827E0CD3-B72D-47B6-A68D-7590B98EB39B}"
EndProject
Project("{FAE04EC0-301F-11D3-BF4B-00C04F79EFBC}") = "DBSemanticSearch.Api", "src\DBSemanticSearch.Api\DBSemanticSearch.Api.csproj", "{0F0CC96A-7AC6-49FC-8BC6-AB2651738846}"
EndProject
Project("{FAE04EC0-301F-11D3-BF4B-00C04F79EFBC}") = "DBSemanticSearch.Client", "src\DBSemanticSearch.Client\DBSemanticSearch.Client.csproj", "{E8B4FBE4-6E69-4D4A-871E-8A9A702B41CC}"
EndProject
Project("{FAE04EC0-301F-11D3-BF4B-00C04F79EFBC}") = "DBSemanticSearch.Contracts", "src\DBSemanticSearch.Contracts\DBSemanticSearch.Contracts.csproj", "{9E1DB389-09ED-40C0-AEC5-1BA1D7281B16}"
EndProject
Project("{FAE04EC0-301F-11D3-BF4B-00C04F79EFBC}") = "DBSemanticSearch.Core", "src\DBSemanticSearch.Core\DBSemanticSearch.Core.csproj", "{123EE04D-FDE0-47C4-8D36-375215E7B632}"
EndProject
Project("{FAE04EC0-301F-11D3-BF4B-00C04F79EFBC}") = "DBSemanticSearch.Web", "src\DBSemanticSearch.Web\DBSemanticSearch.Web.csproj", "{7E38E1C0-2372-4A63-8B1F-E9BCB9EB4A91}"
EndProject
Project("{2150E333-8FDC-42A3-9474-1A3956D46DE8}") = "tests", "tests", "{0AB3BF05-4346-4AA6-1389-037BE0695223}"
EndProject
Project("{FAE04EC0-301F-11D3-BF4B-00C04F79EFBC}") = "DBSemanticSearch.Tests", "tests\DBSemanticSearch.Tests\DBSemanticSearch.Tests.csproj", "{5A57E69F-88A1-4751-BDC2-8B2844A97245}"
EndProject
Project("{FAE04EC0-301F-11D3-BF4B-00C04F79EFBC}") = "DBSemanticSearch.Foundry", "src\DBSemanticSearch.Foundry\DBSemanticSearch.Foundry.csproj", "{A0E68306-8154-414F-9B9C-EB4FBB427FC6}"
EndProject
Project("{FAE04EC0-301F-11D3-BF4B-00C04F79EFBC}") = "DBSemanticSearch.Postgres", "src\DBSemanticSearch.Postgres\DBSemanticSearch.Postgres.csproj", "{E842E82D-0AC4-4AAA-8D2F-0B2021B4E12C}"
EndProject
Global
	GlobalSection(SolutionConfigurationPlatforms) = preSolution
		Debug|Any CPU = Debug|Any CPU
		Debug|x64 = Debug|x64
		Debug|x86 = Debug|x86
		Release|Any CPU = Release|Any CPU
		Release|x64 = Release|x64
		Release|x86 = Release|x86
	EndGlobalSection
	GlobalSection(ProjectConfigurationPlatforms) = postSolution
		{0F0CC96A-7AC6-49FC-8BC6-AB2651738846}.Debug|Any CPU.ActiveCfg = Debug|Any CPU
		{0F0CC96A-7AC6-49FC-8BC6-AB2651738846}.Debug|Any CPU.Build.0 = Debug|Any CPU
		{0F0CC96A-7AC6-49FC-8BC6-AB2651738846}.Debug|x64.ActiveCfg = Debug|Any CPU
		{0F0CC96A-7AC6-49FC-8BC6-AB2651738846}.Debug|x64.Build.0 = Debug|Any CPU
		{0F0CC96A-7AC6-49FC-8BC6-AB2651738846}.Debug|x86.ActiveCfg = Debug|Any CPU
		{0F0CC96A-7AC6-49FC-8BC6-AB2651738846}.Debug|x86.Build.0 = Debug|Any CPU
		{0F0CC96A-7AC6-49FC-8BC6-AB2651738846}.Release|Any CPU.ActiveCfg = Release|Any CPU
		{0F0CC96A-7AC6-49FC-8BC6-AB2651738846}.Release|Any CPU.Build.0 = Release|Any CPU
		{0F0CC96A-7AC6-49FC-8BC6-AB2651738846}.Release|x64.ActiveCfg = Release|Any CPU
		{0F0CC96A-7AC6-49FC-8BC6-AB2651738846}.Release|x64.Build.0 = Release|Any CPU
		{0F0CC96A-7AC6-49FC-8BC6-AB2651738846}.Release|x86.ActiveCfg = Release|Any CPU
		{0F0CC96A-7AC6-49FC-8BC6-AB2651738846}.Release|x86.Build.0 = Release|Any CPU
		{E8B4FBE4-6E69-4D4A-871E-8A9A702B41CC}.Debug|Any CPU.ActiveCfg = Debug|Any CPU
		{E8B4FBE4-6E69-4D4A-871E-8A9A702B41CC}.Debug|Any CPU.Build.0 = Debug|Any CPU
		{E8B4FBE4-6E69-4D4A-871E-8A9A702B41CC}.Debug|x64.ActiveCfg = Debug|Any CPU
		{E8B4FBE4-6E69-4D4A-871E-8A9A702B41CC}.Debug|x64.Build.0 = Debug|Any CPU
		{E8B4FBE4-6E69-4D4A-871E-8A9A702B41CC}.Debug|x86.ActiveCfg = Debug|Any CPU
		{E8B4FBE4-6E69-4D4A-871E-8A9A702B41CC}.Debug|x86.Build.0 = Debug|Any CPU
		{E8B4FBE4-6E69-4D4A-871E-8A9A702B41CC}.Release|Any CPU.ActiveCfg = Release|Any CPU
		{E8B4FBE4-6E69-4D4A-871E-8A9A702B41CC}.Release|Any CPU.Build.0 = Release|Any CPU
		{E8B4FBE4-6E69-4D4A-871E-8A9A702B41CC}.Release|x64.ActiveCfg = Release|Any CPU
		{E8B4FBE4-6E69-4D4A-871E-8A9A702B41CC}.Release|x64.Build.0 = Release|Any CPU
		{E8B4FBE4-6E69-4D4A-871E-8A9A702B41CC}.Release|x86.ActiveCfg = Release|Any CPU
		{E8B4FBE4-6E69-4D4A-871E-8A9A702B41CC}.Release|x86.Build.0 = Release|Any CPU
		{9E1DB389-09ED-40C0-AEC5-1BA1D7281B16}.Debug|Any CPU.ActiveCfg = Debug|Any CPU
		{9E1DB389-09ED-40C0-AEC5-1BA1D7281B16}.Debug|Any CPU.Build.0 = Debug|Any CPU
		{9E1DB389-09ED-40C0-AEC5-1BA1D7281B16}.Debug|x64.ActiveCfg = Debug|Any CPU
		{9E1DB389-09ED-40C0-AEC5-1BA1D7281B16}.Debug|x64.Build.0 = Debug|Any CPU
		{9E1DB389-09ED-40C0-AEC5-1BA1D7281B16}.Debug|x86.ActiveCfg = Debug|Any CPU
		{9E1DB389-09ED-40C0-AEC5-1BA1D7281B16}.Debug|x86.Build.0 = Debug|Any CPU
		{9E1DB389-09ED-40C0-AEC5-1BA1D7281B16}.Release|Any CPU.ActiveCfg = Release|Any CPU
		{9E1DB389-09ED-40C0-AEC5-1BA1D7281B16}.Release|Any CPU.Build.0 = Release|Any CPU
		{9E1DB389-09ED-40C0-AEC5-1BA1D7281B16}.Release|x64.ActiveCfg = Release|Any CPU
		{9E1DB389-09ED-40C0-AEC5-1BA1D7281B16}.Release|x64.Build.0 = Release|Any CPU
		{9E1DB389-09ED-40C0-AEC5-1BA1D7281B16}.Release|x86.ActiveCfg = Release|Any CPU
		{9E1DB389-09ED-40C0-AEC5-1BA1D7281B16}.Release|x86.Build.0 = Release|Any CPU
		{123EE04D-FDE0-47C4-8D36-375215E7B632}.Debug|Any CPU.ActiveCfg = Debug|Any CPU
		{123EE04D-FDE0-47C4-8D36-375215E7B632}.Debug|Any CPU.Build.0 = Debug|Any CPU
		{123EE04D-FDE0-47C4-8D36-375215E7B632}.Debug|x64.ActiveCfg = Debug|Any CPU
		{123EE04D-FDE0-47C4-8D36-375215E7B632}.Debug|x64.Build.0 = Debug|Any CPU
		{123EE04D-FDE0-47C4-8D36-375215E7B632}.Debug|x86.ActiveCfg = Debug|Any CPU
		{123EE04D-FDE0-47C4-8D36-375215E7B632}.Debug|x86.Build.0 = Debug|Any CPU
		{123EE04D-FDE0-47C4-8D36-375215E7B632}.Release|Any CPU.ActiveCfg = Release|Any CPU
		{123EE04D-FDE0-47C4-8D36-375215E7B632}.Release|Any CPU.Build.0 = Release|Any CPU
		{123EE04D-FDE0-47C4-8D36-375215E7B632}.Release|x64.ActiveCfg = Release|Any CPU
		{123EE04D-FDE0-47C4-8D36-375215E7B632}.Release|x64.Build.0 = Release|Any CPU
		{123EE04D-FDE0-47C4-8D36-375215E7B632}.Release|x86.ActiveCfg = Release|Any CPU
		{123EE04D-FDE0-47C4-8D36-375215E7B632}.Release|x86.Build.0 = Release|Any CPU
		{7E38E1C0-2372-4A63-8B1F-E9BCB9EB4A91}.Debug|Any CPU.ActiveCfg = Debug|Any CPU
		{7E38E1C0-2372-4A63-8B1F-E9BCB9EB4A91}.Debug|Any CPU.Build.0 = Debug|Any CPU
		{7E38E1C0-2372-4A63-8B1F-E9BCB9EB4A91}.Debug|x64.ActiveCfg = Debug|Any CPU
		{7E38E1C0-2372-4A63-8B1F-E9BCB9EB4A91}.Debug|x64.Build.0 = Debug|Any CPU
		{7E38E1C0-2372-4A63-8B1F-E9BCB9EB4A91}.Debug|x86.ActiveCfg = Debug|Any CPU
		{7E38E1C0-2372-4A63-8B1F-E9BCB9EB4A91}.Debug|x86.Build.0 = Debug|Any CPU
		{7E38E1C0-2372-4A63-8B1F-E9BCB9EB4A91}.Release|Any CPU.ActiveCfg = Release|Any CPU
		{7E38E1C0-2372-4A63-8B1F-E9BCB9EB4A91}.Release|Any CPU.Build.0 = Release|Any CPU
		{7E38E1C0-2372-4A63-8B1F-E9BCB9EB4A91}.Release|x64.ActiveCfg = Release|Any CPU
		{7E38E1C0-2372-4A63-8B1F-E9BCB9EB4A91}.Release|x64.Build.0 = Release|Any CPU
		{7E38E1C0-2372-4A63-8B1F-E9BCB9EB4A91}.Release|x86.ActiveCfg = Release|Any CPU
		{7E38E1C0-2372-4A63-8B1F-E9BCB9EB4A91}.Release|x86.Build.0 = Release|Any CPU
		{5A57E69F-88A1-4751-BDC2-8B2844A97245}.Debug|Any CPU.ActiveCfg = Debug|Any CPU
		{5A57E69F-88A1-4751-BDC2-8B2844A97245}.Debug|Any CPU.Build.0 = Debug|Any CPU
		{5A57E69F-88A1-4751-BDC2-8B2844A97245}.Debug|x64.ActiveCfg = Debug|Any CPU
		{5A57E69F-88A1-4751-BDC2-8B2844A97245}.Debug|x64.Build.0 = Debug|Any CPU
		{5A57E69F-88A1-4751-BDC2-8B2844A97245}.Debug|x86.ActiveCfg = Debug|Any CPU
		{5A57E69F-88A1-4751-BDC2-8B2844A97245}.Debug|x86.Build.0 = Debug|Any CPU
		{5A57E69F-88A1-4751-BDC2-8B2844A97245}.Release|Any CPU.ActiveCfg = Release|Any CPU
		{5A57E69F-88A1-4751-BDC2-8B2844A97245}.Release|Any CPU.Build.0 = Release|Any CPU
		{5A57E69F-88A1-4751-BDC2-8B2844A97245}.Release|x64.ActiveCfg = Release|Any CPU
		{5A57E69F-88A1-4751-BDC2-8B2844A97245}.Release|x64.Build.0 = Release|Any CPU
		{5A57E69F-88A1-4751-BDC2-8B2844A97245}.Release|x86.ActiveCfg = Release|Any CPU
		{5A57E69F-88A1-4751-BDC2-8B2844A97245}.Release|x86.Build.0 = Release|Any CPU
		{A0E68306-8154-414F-9B9C-EB4FBB427FC6}.Debug|Any CPU.ActiveCfg = Debug|Any CPU
		{A0E68306-8154-414F-9B9C-EB4FBB427FC6}.Debug|Any CPU.Build.0 = Debug|Any CPU
		{A0E68306-8154-414F-9B9C-EB4FBB427FC6}.Debug|x64.ActiveCfg = Debug|Any CPU
		{A0E68306-8154-414F-9B9C-EB4FBB427FC6}.Debug|x64.Build.0 = Debug|Any CPU
		{A0E68306-8154-414F-9B9C-EB4FBB427FC6}.Debug|x86.ActiveCfg = Debug|Any CPU
		{A0E68306-8154-414F-9B9C-EB4FBB427FC6}.Debug|x86.Build.0 = Debug|Any CPU
		{A0E68306-8154-414F-9B9C-EB4FBB427FC6}.Release|Any CPU.ActiveCfg = Release|Any CPU
		{A0E68306-8154-414F-9B9C-EB4FBB427FC6}.Release|Any CPU.Build.0 = Release|Any CPU
		{A0E68306-8154-414F-9B9C-EB4FBB427FC6}.Release|x64.ActiveCfg = Release|Any CPU
		{A0E68306-8154-414F-9B9C-EB4FBB427FC6}.Release|x64.Build.0 = Release|Any CPU
		{A0E68306-8154-414F-9B9C-EB4FBB427FC6}.Release|x86.ActiveCfg = Release|Any CPU
		{A0E68306-8154-414F-9B9C-EB4FBB427FC6}.Release|x86.Build.0 = Release|Any CPU
		{E842E82D-0AC4-4AAA-8D2F-0B2021B4E12C}.Debug|Any CPU.ActiveCfg = Debug|Any CPU
		{E842E82D-0AC4-4AAA-8D2F-0B2021B4E12C}.Debug|Any CPU.Build.0 = Debug|Any CPU
		{E842E82D-0AC4-4AAA-8D2F-0B2021B4E12C}.Debug|x64.ActiveCfg = Debug|Any CPU
		{E842E82D-0AC4-4AAA-8D2F-0B2021B4E12C}.Debug|x64.Build.0 = Debug|Any CPU
		{E842E82D-0AC4-4AAA-8D2F-0B2021B4E12C}.Debug|x86.ActiveCfg = Debug|Any CPU
		{E842E82D-0AC4-4AAA-8D2F-0B2021B4E12C}.Debug|x86.Build.0 = Debug|Any CPU
		{E842E82D-0AC4-4AAA-8D2F-0B2021B4E12C}.Release|Any CPU.ActiveCfg = Release|Any CPU
		{E842E82D-0AC4-4AAA-8D2F-0B2021B4E12C}.Release|Any CPU.Build.0 = Release|Any CPU
		{E842E82D-0AC4-4AAA-8D2F-0B2021B4E12C}.Release|x64.ActiveCfg = Release|Any CPU
		{E842E82D-0AC4-4AAA-8D2F-0B2021B4E12C}.Release|x64.Build.0 = Release|Any CPU
		{E842E82D-0AC4-4AAA-8D2F-0B2021B4E12C}.Release|x86.ActiveCfg = Release|Any CPU
		{E842E82D-0AC4-4AAA-8D2F-0B2021B4E12C}.Release|x86.Build.0 = Release|Any CPU
	EndGlobalSection
	GlobalSection(SolutionProperties) = preSolution
		HideSolutionNode = FALSE
	EndGlobalSection
	GlobalSection(NestedProjects) = preSolution
		{0F0CC96A-7AC6-49FC-8BC6-AB2651738846} = {827E0CD3-B72D-47B6-A68D-7590B98EB39B}
		{E8B4FBE4-6E69-4D4A-871E-8A9A702B41CC} = {827E0CD3-B72D-47B6-A68D-7590B98EB39B}
		{9E1DB389-09ED-40C0-AEC5-1BA1D7281B16} = {827E0CD3-B72D-47B6-A68D-7590B98EB39B}
		{123EE04D-FDE0-47C4-8D36-375215E7B632} = {827E0CD3-B72D-47B6-A68D-7590B98EB39B}
		{7E38E1C0-2372-4A63-8B1F-E9BCB9EB4A91} = {827E0CD3-B72D-47B6-A68D-7590B98EB39B}
		{5A57E69F-88A1-4751-BDC2-8B2844A97245} = {0AB3BF05-4346-4AA6-1389-037BE0695223}
		{A0E68306-8154-414F-9B9C-EB4FBB427FC6} = {827E0CD3-B72D-47B6-A68D-7590B98EB39B}
		{E842E82D-0AC4-4AAA-8D2F-0B2021B4E12C} = {827E0CD3-B72D-47B6-A68D-7590B98EB39B}
	EndGlobalSection
EndGlobal
